{
  "name": "miqro",
  "version": "3.0.1",
  "lockfileVersion": 3,
  "requires": true,
  "packages": {
    "": {
      "name": "miqro",
      "version": "3.0.1",
      "license": "ISC",
      "dependencies": {
        "@miqro/core": "^3.0.6",
        "@miqro/parser": "^1.0.3",
        "@miqro/runner": "^1.3.0"
      },
      "bin": {
        "miqro": "build/cli.js"
      },
      "devDependencies": {
        "@miqro/test": "^0.2.9",
        "@types/cookie": "0.4.1",
        "@types/node": "^20.4.5",
        "typescript": "5.0.4"
      },
      "engines": {
        "node": ">=18.0.0",
        "npm": ">=6.0.0"
      }
    },
    "node_modules/@miqro/core": {
      "version": "3.0.6",
      "resolved": "https://registry.npmjs.org/@miqro/core/-/core-3.0.6.tgz",
      "integrity": "sha512-xVzuZne3Pq4lxMD64XrUf3hVbH3SRYLtu4AofYvGRpob32kUp0xnPYooSymhBzW82QXK+SEzneHIhpeImHZhKg==",
      "dependencies": {
        "@miqro/parser": "^1.0.3",
        "@miqro/request": "^0.2.1",
        "cookie": "0.5.0"
      },
      "engines": {
        "node": ">=18.0.0",
        "npm": ">=6.0.0"
      }
    },
    "node_modules/@miqro/parser": {
      "version": "1.0.3",
      "resolved": "https://registry.npmjs.org/@miqro/parser/-/parser-1.0.3.tgz",
      "integrity": "sha512-qUMyKj/fCW4YgMs9MOK3ddGhXnLWgsAVEmn8+yserQe5/Hf8NITAwXG6YHFQlS76/quF4O1neVf8pbBoPuExuw==",
      "engines": {
        "node": ">=18.0.0",
        "npm": ">=6.0.0"
      }
    },
    "node_modules/@miqro/request": {
      "version": "0.2.1",
      "resolved": "https://registry.npmjs.org/@miqro/request/-/request-0.2.1.tgz",
      "integrity": "sha512-/jd3fAi3MrxNAeLFZ1RFsVyai/Ut59IkaqHoFU+oEa4mt/mvIDHqZJZ0CV8R2PFWzzbDu+WKhTOtOIf0+nLIlQ=="
    },
    "node_modules/@miqro/runner": {
      "version": "1.3.0",
      "resolved": "https://registry.npmjs.org/@miqro/runner/-/runner-1.3.0.tgz",
      "integrity": "sha512-DrF9KXFKanj5AKbGu1vApWW3KBoN2nV++d/tF9z4L5sjRaUhhjeo7zCYvbPh8diGh8oeN/KrAHWgSPk9yCcQZA==",
      "bin": {
        "miqro-runner": "build/cluster.js",
        "runner": "build/cluster.js"
      },
      "engines": {
        "node": ">=18.0.0",
        "npm": ">=6.0.0"
      }
    },
    "node_modules/@miqro/test": {
      "version": "0.2.9",
      "resolved": "https://registry.npmjs.org/@miqro/test/-/test-0.2.9.tgz",
      "integrity": "sha512-jj2+25E4/yJrIUDsnz3at4lOcm/NU9Ip6KecBVeQyKd4ef9oG+ZDI2tSXjMDkXAzhj3/lzR6iTj5o9tfqOGNkA==",
      "dev": true,
      "bin": {
        "miqro-test": "dist/cli.js",
        "test": "dist/cli.js"
      }
    },
    "node_modules/@types/cookie": {
      "version": "0.4.1",
      "resolved": "https://registry.npmjs.org/@types/cookie/-/cookie-0.4.1.tgz",
      "integrity": "sha512-XW/Aa8APYr6jSVVA1y/DEIZX0/GMKLEVekNG727R8cs56ahETkRAy/3DR7+fJyh7oUgGwNQaRfXCun0+KbWY7Q==",
      "dev": true
    },
    "node_modules/@types/node": {
      "version": "20.5.6",
      "resolved": "https://registry.npmjs.org/@types/node/-/node-20.5.6.tgz",
      "integrity": "sha512-Gi5wRGPbbyOTX+4Y2iULQ27oUPrefaB0PxGQJnfyWN3kvEDGM3mIB5M/gQLmitZf7A9FmLeaqxD3L1CXpm3VKQ==",
      "dev": true
    },
    "node_modules/cookie": {
      "version": "0.5.0",
      "resolved": "https://registry.npmjs.org/cookie/-/cookie-0.5.0.tgz",
      "integrity": "sha512-YZ3GUyn/o8gfKJlnlX7g7xq4gyO6OSuhGPKaaGssGB2qgDUS0gPgtTvoyZLTt9Ab6dC4hfc9dV5arkvc/OCmrw==",
      "engines": {
        "node": ">= 0.6"
      }
    },
    "node_modules/typescript": {
      "version": "5.0.4",
      "resolved": "https://registry.npmjs.org/typescript/-/typescript-5.0.4.tgz",
      "integrity": "sha512-cW9T5W9xY37cc+jfEnaUvX91foxtHkza3Nw3wkoF4sSlKn0MONdkdEndig/qPBWXNkmplh3NzayQzCiHM4/hqw==",
      "dev": true,
      "bin": {
        "tsc": "bin/tsc",
        "tsserver": "bin/tsserver"
      },
      "engines": {
        "node": ">=12.20"
      }
    }
  }
}
