{
  "name": "miqro",
  "version": "7.2.0",
  "lockfileVersion": 3,
  "requires": true,
  "packages": {
    "": {
      "name": "miqro",
      "version": "7.2.0",
      "license": "ISC",
      "dependencies": {
        "@miqro/core": "^5.0.16",
        "@miqro/jsx": "^1.0.1",
        "@miqro/jsx-dom": "^1.0.4",
        "@miqro/jsx-node": "^1.0.6",
        "@miqro/parser": "^2.0.4",
        "@miqro/query": "^0.0.4",
        "@miqro/runner": "^2.0.1",
        "@miqro/test": "^0.2.9",
        "@miqro/test-http": "^0.1.2",
        "esbuild": "0.25.11",
        "jose": "6.1.0",
        "postject": "1.0.0-alpha.6",
        "showdown": "2.1.0"
      },
      "bin": {
        "miqro": "build/esm/src/main.js",
        "miqro-cluster": "build/esm/src/cluster.js"
      },
      "devDependencies": {
        "@types/node": "^24.9.1",
        "@types/showdown": "2.0.6",
        "highlight.js": "11.11.1",
        "typescript": "^5.9.3"
      }
    },
    "node_modules/@esbuild/aix-ppc64": {
      "version": "0.25.11",
      "resolved": "https://registry.npmjs.org/@esbuild/aix-ppc64/-/aix-ppc64-0.25.11.tgz",
      "integrity": "sha512-Xt1dOL13m8u0WE8iplx9Ibbm+hFAO0GsU2P34UNoDGvZYkY8ifSiy6Zuc1lYxfG7svWE2fzqCUmFp5HCn51gJg==",
      "cpu": [
        "ppc64"
      ],
      "license": "MIT",
      "optional": true,
      "os": [
        "aix"
      ],
      "engines": {
        "node": ">=18"
      }
    },
    "node_modules/@esbuild/android-arm": {
      "version": "0.25.11",
      "resolved": "https://registry.npmjs.org/@esbuild/android-arm/-/android-arm-0.25.11.tgz",
      "integrity": "sha512-uoa7dU+Dt3HYsethkJ1k6Z9YdcHjTrSb5NUy66ZfZaSV8hEYGD5ZHbEMXnqLFlbBflLsl89Zke7CAdDJ4JI+Gg==",
      "cpu": [
        "arm"
      ],
      "license": "MIT",
      "optional": true,
      "os": [
        "android"
      ],
      "engines": {
        "node": ">=18"
      }
    },
    "node_modules/@esbuild/android-arm64": {
      "version": "0.25.11",
      "resolved": "https://registry.npmjs.org/@esbuild/android-arm64/-/android-arm64-0.25.11.tgz",
      "integrity": "sha512-9slpyFBc4FPPz48+f6jyiXOx/Y4v34TUeDDXJpZqAWQn/08lKGeD8aDp9TMn9jDz2CiEuHwfhRmGBvpnd/PWIQ==",
      "cpu": [
        "arm64"
      ],
      "license": "MIT",
      "optional": true,
      "os": [
        "android"
      ],
      "engines": {
        "node": ">=18"
      }
    },
    "node_modules/@esbuild/android-x64": {
      "version": "0.25.11",
      "resolved": "https://registry.npmjs.org/@esbuild/android-x64/-/android-x64-0.25.11.tgz",
      "integrity": "sha512-Sgiab4xBjPU1QoPEIqS3Xx+R2lezu0LKIEcYe6pftr56PqPygbB7+szVnzoShbx64MUupqoE0KyRlN7gezbl8g==",
      "cpu": [
        "x64"
      ],
      "license": "MIT",
      "optional": true,
      "os": [
        "android"
      ],
      "engines": {
        "node": ">=18"
      }
    },
    "node_modules/@esbuild/darwin-arm64": {
      "version": "0.25.11",
      "resolved": "https://registry.npmjs.org/@esbuild/darwin-arm64/-/darwin-arm64-0.25.11.tgz",
      "integrity": "sha512-VekY0PBCukppoQrycFxUqkCojnTQhdec0vevUL/EDOCnXd9LKWqD/bHwMPzigIJXPhC59Vd1WFIL57SKs2mg4w==",
      "cpu": [
        "arm64"
      ],
      "license": "MIT",
      "optional": true,
      "os": [
        "darwin"
      ],
      "engines": {
        "node": ">=18"
      }
    },
    "node_modules/@esbuild/darwin-x64": {
      "version": "0.25.11",
      "resolved": "https://registry.npmjs.org/@esbuild/darwin-x64/-/darwin-x64-0.25.11.tgz",
      "integrity": "sha512-+hfp3yfBalNEpTGp9loYgbknjR695HkqtY3d3/JjSRUyPg/xd6q+mQqIb5qdywnDxRZykIHs3axEqU6l1+oWEQ==",
      "cpu": [
        "x64"
      ],
      "license": "MIT",
      "optional": true,
      "os": [
        "darwin"
      ],
      "engines": {
        "node": ">=18"
      }
    },
    "node_modules/@esbuild/freebsd-arm64": {
      "version": "0.25.11",
      "resolved": "https://registry.npmjs.org/@esbuild/freebsd-arm64/-/freebsd-arm64-0.25.11.tgz",
      "integrity": "sha512-CmKjrnayyTJF2eVuO//uSjl/K3KsMIeYeyN7FyDBjsR3lnSJHaXlVoAK8DZa7lXWChbuOk7NjAc7ygAwrnPBhA==",
      "cpu": [
        "arm64"
      ],
      "license": "MIT",
      "optional": true,
      "os": [
        "freebsd"
      ],
      "engines": {
        "node": ">=18"
      }
    },
    "node_modules/@esbuild/freebsd-x64": {
      "version": "0.25.11",
      "resolved": "https://registry.npmjs.org/@esbuild/freebsd-x64/-/freebsd-x64-0.25.11.tgz",
      "integrity": "sha512-Dyq+5oscTJvMaYPvW3x3FLpi2+gSZTCE/1ffdwuM6G1ARang/mb3jvjxs0mw6n3Lsw84ocfo9CrNMqc5lTfGOw==",
      "cpu": [
        "x64"
      ],
      "license": "MIT",
      "optional": true,
      "os": [
        "freebsd"
      ],
      "engines": {
        "node": ">=18"
      }
    },
    "node_modules/@esbuild/linux-arm": {
      "version": "0.25.11",
      "resolved": "https://registry.npmjs.org/@esbuild/linux-arm/-/linux-arm-0.25.11.tgz",
      "integrity": "sha512-TBMv6B4kCfrGJ8cUPo7vd6NECZH/8hPpBHHlYI3qzoYFvWu2AdTvZNuU/7hsbKWqu/COU7NIK12dHAAqBLLXgw==",
      "cpu": [
        "arm"
      ],
      "license": "MIT",
      "optional": true,
      "os": [
        "linux"
      ],
      "engines": {
        "node": ">=18"
      }
    },
    "node_modules/@esbuild/linux-arm64": {
      "version": "0.25.11",
      "resolved": "https://registry.npmjs.org/@esbuild/linux-arm64/-/linux-arm64-0.25.11.tgz",
      "integrity": "sha512-Qr8AzcplUhGvdyUF08A1kHU3Vr2O88xxP0Tm8GcdVOUm25XYcMPp2YqSVHbLuXzYQMf9Bh/iKx7YPqECs6ffLA==",
      "cpu": [
        "arm64"
      ],
      "license": "MIT",
      "optional": true,
      "os": [
        "linux"
      ],
      "engines": {
        "node": ">=18"
      }
    },
    "node_modules/@esbuild/linux-ia32": {
      "version": "0.25.11",
      "resolved": "https://registry.npmjs.org/@esbuild/linux-ia32/-/linux-ia32-0.25.11.tgz",
      "integrity": "sha512-TmnJg8BMGPehs5JKrCLqyWTVAvielc615jbkOirATQvWWB1NMXY77oLMzsUjRLa0+ngecEmDGqt5jiDC6bfvOw==",
      "cpu": [
        "ia32"
      ],
      "license": "MIT",
      "optional": true,
      "os": [
        "linux"
      ],
      "engines": {
        "node": ">=18"
      }
    },
    "node_modules/@esbuild/linux-loong64": {
      "version": "0.25.11",
      "resolved": "https://registry.npmjs.org/@esbuild/linux-loong64/-/linux-loong64-0.25.11.tgz",
      "integrity": "sha512-DIGXL2+gvDaXlaq8xruNXUJdT5tF+SBbJQKbWy/0J7OhU8gOHOzKmGIlfTTl6nHaCOoipxQbuJi7O++ldrxgMw==",
      "cpu": [
        "loong64"
      ],
      "license": "MIT",
      "optional": true,
      "os": [
        "linux"
      ],
      "engines": {
        "node": ">=18"
      }
    },
    "node_modules/@esbuild/linux-mips64el": {
      "version": "0.25.11",
      "resolved": "https://registry.npmjs.org/@esbuild/linux-mips64el/-/linux-mips64el-0.25.11.tgz",
      "integrity": "sha512-Osx1nALUJu4pU43o9OyjSCXokFkFbyzjXb6VhGIJZQ5JZi8ylCQ9/LFagolPsHtgw6himDSyb5ETSfmp4rpiKQ==",
      "cpu": [
        "mips64el"
      ],
      "license": "MIT",
      "optional": true,
      "os": [
        "linux"
      ],
      "engines": {
        "node": ">=18"
      }
    },
    "node_modules/@esbuild/linux-ppc64": {
      "version": "0.25.11",
      "resolved": "https://registry.npmjs.org/@esbuild/linux-ppc64/-/linux-ppc64-0.25.11.tgz",
      "integrity": "sha512-nbLFgsQQEsBa8XSgSTSlrnBSrpoWh7ioFDUmwo158gIm5NNP+17IYmNWzaIzWmgCxq56vfr34xGkOcZ7jX6CPw==",
      "cpu": [
        "ppc64"
      ],
      "license": "MIT",
      "optional": true,
      "os": [
        "linux"
      ],
      "engines": {
        "node": ">=18"
      }
    },
    "node_modules/@esbuild/linux-riscv64": {
      "version": "0.25.11",
      "resolved": "https://registry.npmjs.org/@esbuild/linux-riscv64/-/linux-riscv64-0.25.11.tgz",
      "integrity": "sha512-HfyAmqZi9uBAbgKYP1yGuI7tSREXwIb438q0nqvlpxAOs3XnZ8RsisRfmVsgV486NdjD7Mw2UrFSw51lzUk1ww==",
      "cpu": [
        "riscv64"
      ],
      "license": "MIT",
      "optional": true,
      "os": [
        "linux"
      ],
      "engines": {
        "node": ">=18"
      }
    },
    "node_modules/@esbuild/linux-s390x": {
      "version": "0.25.11",
      "resolved": "https://registry.npmjs.org/@esbuild/linux-s390x/-/linux-s390x-0.25.11.tgz",
      "integrity": "sha512-HjLqVgSSYnVXRisyfmzsH6mXqyvj0SA7pG5g+9W7ESgwA70AXYNpfKBqh1KbTxmQVaYxpzA/SvlB9oclGPbApw==",
      "cpu": [
        "s390x"
      ],
      "license": "MIT",
      "optional": true,
      "os": [
        "linux"
      ],
      "engines": {
        "node": ">=18"
      }
    },
    "node_modules/@esbuild/linux-x64": {
      "version": "0.25.11",
      "resolved": "https://registry.npmjs.org/@esbuild/linux-x64/-/linux-x64-0.25.11.tgz",
      "integrity": "sha512-HSFAT4+WYjIhrHxKBwGmOOSpphjYkcswF449j6EjsjbinTZbp8PJtjsVK1XFJStdzXdy/jaddAep2FGY+wyFAQ==",
      "cpu": [
        "x64"
      ],
      "license": "MIT",
      "optional": true,
      "os": [
        "linux"
      ],
      "engines": {
        "node": ">=18"
      }
    },
    "node_modules/@esbuild/netbsd-arm64": {
      "version": "0.25.11",
      "resolved": "https://registry.npmjs.org/@esbuild/netbsd-arm64/-/netbsd-arm64-0.25.11.tgz",
      "integrity": "sha512-hr9Oxj1Fa4r04dNpWr3P8QKVVsjQhqrMSUzZzf+LZcYjZNqhA3IAfPQdEh1FLVUJSiu6sgAwp3OmwBfbFgG2Xg==",
      "cpu": [
        "arm64"
      ],
      "license": "MIT",
      "optional": true,
      "os": [
        "netbsd"
      ],
      "engines": {
        "node": ">=18"
      }
    },
    "node_modules/@esbuild/netbsd-x64": {
      "version": "0.25.11",
      "resolved": "https://registry.npmjs.org/@esbuild/netbsd-x64/-/netbsd-x64-0.25.11.tgz",
      "integrity": "sha512-u7tKA+qbzBydyj0vgpu+5h5AeudxOAGncb8N6C9Kh1N4n7wU1Xw1JDApsRjpShRpXRQlJLb9wY28ELpwdPcZ7A==",
      "cpu": [
        "x64"
      ],
      "license": "MIT",
      "optional": true,
      "os": [
        "netbsd"
      ],
      "engines": {
        "node": ">=18"
      }
    },
    "node_modules/@esbuild/openbsd-arm64": {
      "version": "0.25.11",
      "resolved": "https://registry.npmjs.org/@esbuild/openbsd-arm64/-/openbsd-arm64-0.25.11.tgz",
      "integrity": "sha512-Qq6YHhayieor3DxFOoYM1q0q1uMFYb7cSpLD2qzDSvK1NAvqFi8Xgivv0cFC6J+hWVw2teCYltyy9/m/14ryHg==",
      "cpu": [
        "arm64"
      ],
      "license": "MIT",
      "optional": true,
      "os": [
        "openbsd"
      ],
      "engines": {
        "node": ">=18"
      }
    },
    "node_modules/@esbuild/openbsd-x64": {
      "version": "0.25.11",
      "resolved": "https://registry.npmjs.org/@esbuild/openbsd-x64/-/openbsd-x64-0.25.11.tgz",
      "integrity": "sha512-CN+7c++kkbrckTOz5hrehxWN7uIhFFlmS/hqziSFVWpAzpWrQoAG4chH+nN3Be+Kzv/uuo7zhX716x3Sn2Jduw==",
      "cpu": [
        "x64"
      ],
      "license": "MIT",
      "optional": true,
      "os": [
        "openbsd"
      ],
      "engines": {
        "node": ">=18"
      }
    },
    "node_modules/@esbuild/openharmony-arm64": {
      "version": "0.25.11",
      "resolved": "https://registry.npmjs.org/@esbuild/openharmony-arm64/-/openharmony-arm64-0.25.11.tgz",
      "integrity": "sha512-rOREuNIQgaiR+9QuNkbkxubbp8MSO9rONmwP5nKncnWJ9v5jQ4JxFnLu4zDSRPf3x4u+2VN4pM4RdyIzDty/wQ==",
      "cpu": [
        "arm64"
      ],
      "license": "MIT",
      "optional": true,
      "os": [
        "openharmony"
      ],
      "engines": {
        "node": ">=18"
      }
    },
    "node_modules/@esbuild/sunos-x64": {
      "version": "0.25.11",
      "resolved": "https://registry.npmjs.org/@esbuild/sunos-x64/-/sunos-x64-0.25.11.tgz",
      "integrity": "sha512-nq2xdYaWxyg9DcIyXkZhcYulC6pQ2FuCgem3LI92IwMgIZ69KHeY8T4Y88pcwoLIjbed8n36CyKoYRDygNSGhA==",
      "cpu": [
        "x64"
      ],
      "license": "MIT",
      "optional": true,
      "os": [
        "sunos"
      ],
      "engines": {
        "node": ">=18"
      }
    },
    "node_modules/@esbuild/win32-arm64": {
      "version": "0.25.11",
      "resolved": "https://registry.npmjs.org/@esbuild/win32-arm64/-/win32-arm64-0.25.11.tgz",
      "integrity": "sha512-3XxECOWJq1qMZ3MN8srCJ/QfoLpL+VaxD/WfNRm1O3B4+AZ/BnLVgFbUV3eiRYDMXetciH16dwPbbHqwe1uU0Q==",
      "cpu": [
        "arm64"
      ],
      "license": "MIT",
      "optional": true,
      "os": [
        "win32"
      ],
      "engines": {
        "node": ">=18"
      }
    },
    "node_modules/@esbuild/win32-ia32": {
      "version": "0.25.11",
      "resolved": "https://registry.npmjs.org/@esbuild/win32-ia32/-/win32-ia32-0.25.11.tgz",
      "integrity": "sha512-3ukss6gb9XZ8TlRyJlgLn17ecsK4NSQTmdIXRASVsiS2sQ6zPPZklNJT5GR5tE/MUarymmy8kCEf5xPCNCqVOA==",
      "cpu": [
        "ia32"
      ],
      "license": "MIT",
      "optional": true,
      "os": [
        "win32"
      ],
      "engines": {
        "node": ">=18"
      }
    },
    "node_modules/@esbuild/win32-x64": {
      "version": "0.25.11",
      "resolved": "https://registry.npmjs.org/@esbuild/win32-x64/-/win32-x64-0.25.11.tgz",
      "integrity": "sha512-D7Hpz6A2L4hzsRpPaCYkQnGOotdUpDzSGRIv9I+1ITdHROSFUWW95ZPZWQmGka1Fg7W3zFJowyn9WGwMJ0+KPA==",
      "cpu": [
        "x64"
      ],
      "license": "MIT",
      "optional": true,
      "os": [
        "win32"
      ],
      "engines": {
        "node": ">=18"
      }
    },
    "node_modules/@miqro/core": {
      "version": "5.0.16",
      "resolved": "https://registry.npmjs.org/@miqro/core/-/core-5.0.16.tgz",
      "integrity": "sha512-EXbL13FTkLROLELWHKttpsqqh6At3R7esLdiJPwTGC0GLU6BTqHURt49/veycF8mZf1QbISBrcN4jZC5GZdQaQ==",
      "license": "ISC",
      "dependencies": {
        "@miqro/parser": "^2.0.4",
        "@miqro/request": "^0.2.3",
        "cookie": "1.0.2"
      },
      "engines": {
        "node": ">=18.0.0",
        "npm": ">=6.0.0"
      }
    },
    "node_modules/@miqro/jsx": {
      "version": "1.0.1",
      "resolved": "https://registry.npmjs.org/@miqro/jsx/-/jsx-1.0.1.tgz",
      "integrity": "sha512-5cUBSypNcmxHexUHvwH1Hzi0oytxDrfVimifvfSxes57stFEPwWrWFT3dmcznVI2EWqsXsjweEc/AEEqUD96yw==",
      "license": "ISC",
      "engines": {
        "node": ">=19.0.0",
        "npm": ">=9.2.0"
      }
    },
    "node_modules/@miqro/jsx-dom": {
      "version": "1.0.4",
      "resolved": "https://registry.npmjs.org/@miqro/jsx-dom/-/jsx-dom-1.0.4.tgz",
      "integrity": "sha512-qENVjFFBpnp1GkeAQyzmvcpAag5I1pKkk+0TEaN7X1amcT5w+Buiu0KzNp74Vp6HRcVW3VX1kLj1XrTJ/ti3FA==",
      "license": "ISC",
      "dependencies": {
        "@miqro/jsx": "^1.0.1"
      },
      "engines": {
        "node": ">=19.0.0",
        "npm": ">=9.2.0"
      }
    },
    "node_modules/@miqro/jsx-node": {
      "version": "1.0.6",
      "resolved": "https://registry.npmjs.org/@miqro/jsx-node/-/jsx-node-1.0.6.tgz",
      "integrity": "sha512-QmnFgtV1TX4jwQCnKKC+yiMh2gPu0MsH19dSyPewaNtOy7R8N6AYQ/bAF5rk7JpNDgK78tkz8x0AvJ/y3IfpPw==",
      "license": "ISC",
      "dependencies": {
        "@miqro/core": "^5.0.15",
        "@miqro/jsx": "^1.0.1"
      },
      "engines": {
        "node": ">=19.0.0",
        "npm": ">=9.2.0"
      }
    },
    "node_modules/@miqro/parser": {
      "version": "2.0.4",
      "resolved": "https://registry.npmjs.org/@miqro/parser/-/parser-2.0.4.tgz",
      "integrity": "sha512-jNMP76KlcDV4Smqta/M55oCx/bkHbkCffpaRICJyPnII3GWnG2psCFkgTYQNTtFV6hVscQQVA+wczJIlsgIe/g==",
      "license": "ISC",
      "engines": {
        "node": ">=18.0.0",
        "npm": ">=6.0.0"
      }
    },
    "node_modules/@miqro/query": {
      "version": "0.0.4",
      "resolved": "https://registry.npmjs.org/@miqro/query/-/query-0.0.4.tgz",
      "integrity": "sha512-l1lKGBopvAN0ojxIvRphVf2Ig7Z2rkdK9CAnhpDTglF5e6pKvxvxggpVz0WRYW2mfX55RjSdLf51/LDL+yjAyg==",
      "license": "ISC",
      "dependencies": {
        "@miqro/parser": "^2.0.4"
      },
      "engines": {
        "node": ">=22.5.0",
        "npm": ">=6.0.0"
      }
    },
    "node_modules/@miqro/request": {
      "version": "0.2.3",
      "resolved": "https://registry.npmjs.org/@miqro/request/-/request-0.2.3.tgz",
      "integrity": "sha512-FF28VrTKq7yNWN9wXL7rOi3kceKnj+JPYIwAMT0w4UnAJWvHiTeyY3WNzVVDhg61ujaahFGqhrxhui/KKFZfyg==",
      "license": "ISC"
    },
    "node_modules/@miqro/runner": {
      "version": "2.0.1",
      "resolved": "https://registry.npmjs.org/@miqro/runner/-/runner-2.0.1.tgz",
      "integrity": "sha512-NGkziGNa677MbirPRVW1ma36OCqio4TyCJP0eF+Umf/H12SGzVKyc+LoPYaz141fK1FVJSVNKW4YdNc2DIUq4Q==",
      "license": "ISC",
      "bin": {
        "miqro-runner": "build/cluster.js",
        "runner": "build/cluster.js"
      },
      "engines": {
        "node": ">=18.0.0",
        "npm": ">=6.0.0"
      }
    },
    "node_modules/@miqro/test": {
      "version": "0.2.9",
      "resolved": "https://registry.npmjs.org/@miqro/test/-/test-0.2.9.tgz",
      "integrity": "sha512-jj2+25E4/yJrIUDsnz3at4lOcm/NU9Ip6KecBVeQyKd4ef9oG+ZDI2tSXjMDkXAzhj3/lzR6iTj5o9tfqOGNkA==",
      "license": "ISC",
      "bin": {
        "miqro-test": "dist/cli.js",
        "test": "dist/cli.js"
      }
    },
    "node_modules/@miqro/test-http": {
      "version": "0.1.2",
      "resolved": "https://registry.npmjs.org/@miqro/test-http/-/test-http-0.1.2.tgz",
      "integrity": "sha512-08JwqXDCUvLAOS6SpXYJHw4EgLRCSgypCv5MP03b26g/I8TIezw6PQMAM+8Bp6GTPWojxlP0fh9SOC9P44mQbg==",
      "license": "ISC",
      "dependencies": {
        "@miqro/request": "^0.2.3"
      },
      "engines": {
        "node": ">=18.0.0",
        "npm": ">=6.0.0"
      }
    },
    "node_modules/@types/node": {
      "version": "24.9.1",
      "resolved": "https://registry.npmjs.org/@types/node/-/node-24.9.1.tgz",
      "integrity": "sha512-QoiaXANRkSXK6p0Duvt56W208du4P9Uye9hWLWgGMDTEoKPhuenzNcC4vGUmrNkiOKTlIrBoyNQYNpSwfEZXSg==",
      "dev": true,
      "license": "MIT",
      "dependencies": {
        "undici-types": "~7.16.0"
      }
    },
    "node_modules/@types/showdown": {
      "version": "2.0.6",
      "resolved": "https://registry.npmjs.org/@types/showdown/-/showdown-2.0.6.tgz",
      "integrity": "sha512-pTvD/0CIeqe4x23+YJWlX2gArHa8G0J0Oh6GKaVXV7TAeickpkkZiNOgFcFcmLQ5lB/K0qBJL1FtRYltBfbGCQ==",
      "dev": true,
      "license": "MIT"
    },
    "node_modules/commander": {
      "version": "9.5.0",
      "resolved": "https://registry.npmjs.org/commander/-/commander-9.5.0.tgz",
      "integrity": "sha512-KRs7WVDKg86PWiuAqhDrAQnTXZKraVcCc6vFdL14qrZ/DcWwuRo7VoiYXalXO7S5GKpqYiVEwCbgFDfxNHKJBQ==",
      "license": "MIT",
      "engines": {
        "node": "^12.20.0 || >=14"
      }
    },
    "node_modules/cookie": {
      "version": "1.0.2",
      "resolved": "https://registry.npmjs.org/cookie/-/cookie-1.0.2.tgz",
      "integrity": "sha512-9Kr/j4O16ISv8zBBhJoi4bXOYNTkFLOqSL3UDB0njXxCXNezjeyVrJyGOWtgfs/q2km1gwBcfH8q1yEGoMYunA==",
      "license": "MIT",
      "engines": {
        "node": ">=18"
      }
    },
    "node_modules/esbuild": {
      "version": "0.25.11",
      "resolved": "https://registry.npmjs.org/esbuild/-/esbuild-0.25.11.tgz",
      "integrity": "sha512-KohQwyzrKTQmhXDW1PjCv3Tyspn9n5GcY2RTDqeORIdIJY8yKIF7sTSopFmn/wpMPW4rdPXI0UE5LJLuq3bx0Q==",
      "hasInstallScript": true,
      "license": "MIT",
      "bin": {
        "esbuild": "bin/esbuild"
      },
      "engines": {
        "node": ">=18"
      },
      "optionalDependencies": {
        "@esbuild/aix-ppc64": "0.25.11",
        "@esbuild/android-arm": "0.25.11",
        "@esbuild/android-arm64": "0.25.11",
        "@esbuild/android-x64": "0.25.11",
        "@esbuild/darwin-arm64": "0.25.11",
        "@esbuild/darwin-x64": "0.25.11",
        "@esbuild/freebsd-arm64": "0.25.11",
        "@esbuild/freebsd-x64": "0.25.11",
        "@esbuild/linux-arm": "0.25.11",
        "@esbuild/linux-arm64": "0.25.11",
        "@esbuild/linux-ia32": "0.25.11",
        "@esbuild/linux-loong64": "0.25.11",
        "@esbuild/linux-mips64el": "0.25.11",
        "@esbuild/linux-ppc64": "0.25.11",
        "@esbuild/linux-riscv64": "0.25.11",
        "@esbuild/linux-s390x": "0.25.11",
        "@esbuild/linux-x64": "0.25.11",
        "@esbuild/netbsd-arm64": "0.25.11",
        "@esbuild/netbsd-x64": "0.25.11",
        "@esbuild/openbsd-arm64": "0.25.11",
        "@esbuild/openbsd-x64": "0.25.11",
        "@esbuild/openharmony-arm64": "0.25.11",
        "@esbuild/sunos-x64": "0.25.11",
        "@esbuild/win32-arm64": "0.25.11",
        "@esbuild/win32-ia32": "0.25.11",
        "@esbuild/win32-x64": "0.25.11"
      }
    },
    "node_modules/highlight.js": {
      "version": "11.11.1",
      "resolved": "https://registry.npmjs.org/highlight.js/-/highlight.js-11.11.1.tgz",
      "integrity": "sha512-Xwwo44whKBVCYoliBQwaPvtd/2tYFkRQtXDWj1nackaV2JPXx3L0+Jvd8/qCJ2p+ML0/XVkJ2q+Mr+UVdpJK5w==",
      "dev": true,
      "license": "BSD-3-Clause",
      "engines": {
        "node": ">=12.0.0"
      }
    },
    "node_modules/jose": {
      "version": "6.1.0",
      "resolved": "https://registry.npmjs.org/jose/-/jose-6.1.0.tgz",
      "integrity": "sha512-TTQJyoEoKcC1lscpVDCSsVgYzUDg/0Bt3WE//WiTPK6uOCQC2KZS4MpugbMWt/zyjkopgZoXhZuCi00gLudfUA==",
      "license": "MIT",
      "funding": {
        "url": "https://github.com/sponsors/panva"
      }
    },
    "node_modules/postject": {
      "version": "1.0.0-alpha.6",
      "resolved": "https://registry.npmjs.org/postject/-/postject-1.0.0-alpha.6.tgz",
      "integrity": "sha512-b9Eb8h2eVqNE8edvKdwqkrY6O7kAwmI8kcnBv1NScolYJbo59XUF0noFq+lxbC1yN20bmC0WBEbDC5H/7ASb0A==",
      "license": "MIT",
      "dependencies": {
        "commander": "^9.4.0"
      },
      "bin": {
        "postject": "dist/cli.js"
      },
      "engines": {
        "node": ">=14.0.0"
      }
    },
    "node_modules/showdown": {
      "version": "2.1.0",
      "resolved": "https://registry.npmjs.org/showdown/-/showdown-2.1.0.tgz",
      "integrity": "sha512-/6NVYu4U819R2pUIk79n67SYgJHWCce0a5xTP979WbNp0FL9MN1I1QK662IDU1b6JzKTvmhgI7T7JYIxBi3kMQ==",
      "license": "MIT",
      "dependencies": {
        "commander": "^9.0.0"
      },
      "bin": {
        "showdown": "bin/showdown.js"
      },
      "funding": {
        "type": "individual",
        "url": "https://www.paypal.me/tiviesantos"
      }
    },
    "node_modules/typescript": {
      "version": "5.9.3",
      "resolved": "https://registry.npmjs.org/typescript/-/typescript-5.9.3.tgz",
      "integrity": "sha512-jl1vZzPDinLr9eUt3J/t7V6FgNEw9QjvBPdysz9KfQDD41fQrC2Y4vKQdiaUpFT4bXlb1RHhLpp8wtm6M5TgSw==",
      "dev": true,
      "license": "Apache-2.0",
      "bin": {
        "tsc": "bin/tsc",
        "tsserver": "bin/tsserver"
      },
      "engines": {
        "node": ">=14.17"
      }
    },
    "node_modules/undici-types": {
      "version": "7.16.0",
      "resolved": "https://registry.npmjs.org/undici-types/-/undici-types-7.16.0.tgz",
      "integrity": "sha512-Zz+aZWSj8LE6zoxD+xrjh4VfkIG8Ya6LvYkZqtUQGJPZjYl53ypCaUwWqo7eI0x66KBGeRo+mlBEkMSeSZ38Nw==",
      "dev": true,
      "license": "MIT"
    }
  }
}
